# @generated - this file is auto-generated by `mise lock` https://mise.jdx.dev/dev-tools/mise-lock.html

lockfile_version = 1

[[tools.node]]
version = "24.21.0"
backend = "core:node"
specifiers = ["24.21.0"]

[tools.node."platforms.linux-arm64"]
checksum = "sha256:724282c3b43aec998aa9527380465b45d229e021b58035f5f4f63095eabfe5d5"
url = "https://nodejs.org/dist/v24.21.0/node-v24.21.0-linux-arm64.tar.gz"

[tools.node."platforms.linux-arm64-musl"]
checksum = "sha256:3048b0811e158ca0d8672b59c839861763e144492980d8d29b369dfee45747e4"
url = "https://unofficial-builds.nodejs.org/download/release/v24.21.0/node-v24.21.0-linux-arm64-musl.tar.gz"

[tools.node."platforms.linux-x64"]
checksum = "sha256:6e1db87ef58b8819e5d5402eff1536491b18edd8eb7bee5ef7897876e88dc5ff"
url = "https://nodejs.org/dist/v24.21.0/node-v24.21.0-linux-x64.tar.gz"

[tools.node."platforms.linux-x64-musl"]
checksum = "sha256:01a713e34da98e7b4d2a3191ee7ca3f93dd0384d1a2ef23c379b2161ee6e133a"
url = "https://unofficial-builds.nodejs.org/download/release/v24.21.0/node-v24.21.0-linux-x64-musl.tar.gz"

[tools.node."platforms.macos-arm64"]
checksum = "sha256:bed7eea5325e1108f32ce5228ddd6a5f0f08a499ee42aa7442aea583702f6057"
url = "https://nodejs.org/dist/v24.21.0/node-v24.21.0-darwin-arm64.tar.gz"

[tools.node."platforms.macos-x64"]
checksum = "sha256:1462cb3b3046b815cf8ea436d3da450ec1a9f11dac7e5a46b0ada5305d7e8097"
url = "https://nodejs.org/dist/v24.21.0/node-v24.21.0-darwin-x64.tar.gz"

[tools.node."platforms.windows-x64"]
checksum = "sha256:158f7685b44de51f6c0df1d153526cbcd3e1bc739a8dfc607721cef75de9e541"
url = "https://nodejs.org/dist/v24.21.0/node-v24.21.0-win-x64.zip"

[[tools.pnpm]]
version = "11.19.0"
backend = "aqua:pnpm/pnpm"
specifiers = ["11.19.0"]

[tools.pnpm."platforms.linux-arm64"]
checksum = "sha256:1b1630c3ae133448a9445911499ab2d59bd77f860abbd595dbc89da4eb82c22b"
url = "https://github.com/pnpm/pnpm/releases/download/v11.19.0/pnpm-linux-arm64.tar.gz"
url_api = "https://api.github.com/repos/pnpm/pnpm/releases/assets/496485122"
provenance = "github-attestations"

[tools.pnpm."platforms.linux-arm64-musl"]
checksum = "sha256:89309036b565a41e28f970a95c45ae2c448f80cc54c77a309f140e11706dd858"
url = "https://github.com/pnpm/pnpm/releases/download/v11.19.0/pnpm-linux-arm64-musl.tar.gz"
url_api = "https://api.github.com/repos/pnpm/pnpm/releases/assets/496485119"
provenance = "github-attestations"

[tools.pnpm."platforms.linux-x64"]
checksum = "sha256:01562375e2b05b5cdc8d67e0bbfed549221c8a739b485ee0dac13d32d383ec24"
url = "https://github.com/pnpm/pnpm/releases/download/v11.19.0/pnpm-linux-x64.tar.gz"
url_api = "https://api.github.com/repos/pnpm/pnpm/releases/assets/496485123"
provenance = "github-attestations"

[tools.pnpm."platforms.linux-x64-musl"]
checksum = "sha256:d9fbd07722d1ea5b3ae326c0d48557a318677faa566ca6023534054453c8fa5b"
url = "https://github.com/pnpm/pnpm/releases/download/v11.19.0/pnpm-linux-x64-musl.tar.gz"
url_api = "https://api.github.com/repos/pnpm/pnpm/releases/assets/496485125"
provenance = "github-attestations"

[tools.pnpm."platforms.macos-arm64"]
checksum = "sha256:00075435e24d20f5d369c9aec1ee1c29ebb78b52de8ea9807013fc70187ea0e5"
url = "https://github.com/pnpm/pnpm/releases/download/v11.19.0/pnpm-darwin-arm64.tar.gz"
url_api = "https://api.github.com/repos/pnpm/pnpm/releases/assets/496485121"
provenance = "github-attestations"

[tools.pnpm."platforms.windows-x64"]
checksum = "sha256:00ba922ef628d6879332af58cc3fcfe4177c71677f714406467047eb39902d22"
url = "https://github.com/pnpm/pnpm/releases/download/v11.19.0/pnpm-win32-x64.zip"
url_api = "https://api.github.com/repos/pnpm/pnpm/releases/assets/496485130"
provenance = "github-attestations"
